{
  "lockfile_version": "1",
  "packages": {
    "nh@latest": {
      "last_modified": "2025-03-11T17:52:14Z",
      "resolved": "github:NixOS/nixpkgs/0d534853a55b5d02a4ababa1d71921ce8f0aee4c#nh",
      "source": "devbox-search",
      "version": "3.6.0",
      "systems": {
        "aarch64-darwin": {
          "outputs": [
            {
              "name": "out",
              "path": "/nix/store/20cqnfxdr7iirjinpkjbziig5rswdd5g-nh-3.6.0",
              "default": true
            }
          ],
          "store_path": "/nix/store/20cqnfxdr7iirjinpkjbziig5rswdd5g-nh-3.6.0"
        },
        "aarch64-linux": {
          "outputs": [
            {
              "name": "out",
              "path": "/nix/store/5km583a91gw1yq34xndfkmrv0lyf21yd-nh-3.6.0",
              "default": true
            }
          ],
          "store_path": "/nix/store/5km583a91gw1yq34xndfkmrv0lyf21yd-nh-3.6.0"
        },
        "x86_64-darwin": {
          "outputs": [
            {
              "name": "out",
              "path": "/nix/store/fi04icqyh6sn2y92gnddnwzhk2j01sk1-nh-3.6.0",
              "default": true
            }
          ],
          "store_path": "/nix/store/fi04icqyh6sn2y92gnddnwzhk2j01sk1-nh-3.6.0"
        },
        "x86_64-linux": {
          "outputs": [
            {
              "name": "out",
              "path": "/nix/store/s1hlqjlz3mdafhfl5kphv5n190a6wadj-nh-3.6.0",
              "default": true
            }
          ],
          "store_path": "/nix/store/s1hlqjlz3mdafhfl5kphv5n190a6wadj-nh-3.6.0"
        }
      }
    }
  }
}
